{
  "name": "monorepo-ts",
  "version": "1.0.0",
  "lockfileVersion": 2,
  "requires": true,
  "packages": {
    "": {
      "name": "monorepo-ts",
      "version": "1.0.0",
      "license": "ISC",
      "workspaces": [
        "packages/*"
      ]
    },
    "node_modules/x-cli": {
      "resolved": "packages/x-cli",
      "link": true
    },
    "node_modules/x-core": {
      "resolved": "packages/x-core",
      "link": true
    },
    "packages/x-cli": {
      "version": "1.0.0",
      "license": "ISC"
    },
    "packages/x-core": {
      "version": "1.0.0",
      "license": "ISC"
    }
  },
  "dependencies": {
    "x-cli": {
      "version": "file:packages/x-cli"
    },
    "x-core": {
      "version": "file:packages/x-core"
    }
  }
}
